
Microsoft Visual Studio Solution File, Format Version 12.00
# Visual Studio Version 17
VisualStudioVersion = 17.14.36705.20 d17.14
MinimumVisualStudioVersion = 10.0.40219.1
Project("{FAE04EC0-301F-11D3-BF4B-00C04F79EFBC}") = "SmartKos", "SmartKos.csproj", "{DB6AFBD4-068D-449C-B3E1-2644C8CB703A}"
EndProject
Global
	GlobalSection(SolutionConfigurationPlatforms) = preSolution
		Debug|Any CPU = Debug|Any CPU
		Release|Any CPU = Release|Any CPU
	EndGlobalSection
	GlobalSection(ProjectConfigurationPlatforms) = postSolution
		{DB6AFBD4-068D-449C-B3E1-2644C8CB703A}.Debug|Any CPU.ActiveCfg = Debug|Any CPU
		{DB6AFBD4-068D-449C-B3E1-2644C8CB703A}.Debug|Any CPU.Build.0 = Debug|Any CPU
		{DB6AFBD4-068D-449C-B3E1-2644C8CB703A}.Release|Any CPU.ActiveCfg = Release|Any CPU
		{DB6AFBD4-068D-449C-B3E1-2644C8CB703A}.Release|Any CPU.Build.0 = Release|Any CPU
	EndGlobalSection
	GlobalSection(SolutionProperties) = preSolution
		HideSolutionNode = FALSE
	EndGlobalSection
	GlobalSection(ExtensibilityGlobals) = postSolution
		SolutionGuid = {B4CA3229-146B-4EA1-9FAB-64183584A84D}
	EndGlobalSection
EndGlobal
